
Microsoft Visual Studio Solution File, Format Version 12.00
# Visual Studio 14
VisualStudioVersion = 14.0.24720.0
MinimumVisualStudioVersion = 10.0.40219.1
Project("{FAE04EC0-301F-11D3-BF4B-00C04F79EFBC}") = "PhotoRotate", "PhotoRotate\PhotoRotate.csproj", "{82DF62EA-894D-4F6A-9BDD-D0B8A5CC7347}"
EndProject
Global
	GlobalSection(SolutionConfigurationPlatforms) = preSolution
		Debug|ARM = Debug|ARM
		Debug|x64 = Debug|x64
		Debug|x86 = Debug|x86
		Release|ARM = Release|ARM
		Release|x64 = Release|x64
		Release|x86 = Release|x86
	EndGlobalSection
	GlobalSection(ProjectConfigurationPlatforms) = postSolution
		{82DF62EA-894D-4F6A-9BDD-D0B8A5CC7347}.Debug|ARM.ActiveCfg = Debug|ARM
		{82DF62EA-894D-4F6A-9BDD-D0B8A5CC7347}.Debug|ARM.Build.0 = Debug|ARM
		{82DF62EA-894D-4F6A-9BDD-D0B8A5CC7347}.Debug|ARM.Deploy.0 = Debug|ARM
		{82DF62EA-894D-4F6A-9BDD-D0B8A5CC7347}.Debug|x64.ActiveCfg = Debug|x64
		{82DF62EA-894D-4F6A-9BDD-D0B8A5CC7347}.Debug|x64.Build.0 = Debug|x64
		{82DF62EA-894D-4F6A-9BDD-D0B8A5CC7347}.Debug|x64.Deploy.0 = Debug|x64
		{82DF62EA-894D-4F6A-9BDD-D0B8A5CC7347}.Debug|x86.ActiveCfg = Debug|x86
		{82DF62EA-894D-4F6A-9BDD-D0B8A5CC7347}.Debug|x86.Build.0 = Debug|x86
		{82DF62EA-894D-4F6A-9BDD-D0B8A5CC7347}.Debug|x86.Deploy.0 = Debug|x86
		{82DF62EA-894D-4F6A-9BDD-D0B8A5CC7347}.Release|ARM.ActiveCfg = Release|ARM
		{82DF62EA-894D-4F6A-9BDD-D0B8A5CC7347}.Release|ARM.Build.0 = Release|ARM
		{82DF62EA-894D-4F6A-9BDD-D0B8A5CC7347}.Release|ARM.Deploy.0 = Release|ARM
		{82DF62EA-894D-4F6A-9BDD-D0B8A5CC7347}.Release|x64.ActiveCfg = Release|x64
		{82DF62EA-894D-4F6A-9BDD-D0B8A5CC7347}.Release|x64.Build.0 = Release|x64
		{82DF62EA-894D-4F6A-9BDD-D0B8A5CC7347}.Release|x64.Deploy.0 = Release|x64
		{82DF62EA-894D-4F6A-9BDD-D0B8A5CC7347}.Release|x86.ActiveCfg = Release|x86
		{82DF62EA-894D-4F6A-9BDD-D0B8A5CC7347}.Release|x86.Build.0 = Release|x86
		{82DF62EA-894D-4F6A-9BDD-D0B8A5CC7347}.Release|x86.Deploy.0 = Release|x86
	EndGlobalSection
	GlobalSection(SolutionProperties) = preSolution
		HideSolutionNode = FALSE
	EndGlobalSection
EndGlobal
